// !$*UTF8*$!
{
	archiveVersion = 1;
	classes = {
	};
	objectVersion = 46;
	objects = {

/* Begin PBXBuildFile section */
		A7D187971BE3A4B700677C65 /* main.m in Sources */ = {isa = PBXBuildFile; fileRef = A7D187961BE3A4B700677C65 /* main.m */; };
		A7D1879A1BE3A4B700677C65 /* AppDelegate.m in Sources */ = {isa = PBXBuildFile; fileRef = A7D187991BE3A4B700677C65 /* AppDelegate.m */; };
		A7D1879D1BE3A4B700677C65 /* ViewController.m in Sources */ = {isa = PBXBuildFile; fileRef = A7D1879C1BE3A4B700677C65 /* ViewController.m */; };
		A7D187A01BE3A4B700677C65 /* Main.storyboard in Resources */ = {isa = PBXBuildFile; fileRef = A7D1879E1BE3A4B700677C65 /* Main.storyboard */; };
		A7D187A21BE3A4B700677C65 /* Assets.xcassets in Resources */ = {isa = PBXBuildFile; fileRef = A7D187A11BE3A4B700677C65 /* Assets.xcassets */; };
		A7D187A51BE3A4B700677C65 /* LaunchScreen.storyboard in Resources */ = {isa = PBXBuildFile; fileRef = A7D187A31BE3A4B700677C65 /* LaunchScreen.storyboard */; };
/* End PBXBuildFile section */

/* Begin PBXFileReference section */
		A7D187921BE3A4B700677C65 /* BtnImageDemo.app */ = {isa = PBXFileReference; explicitFileType = wrapper.application; includeInIndex = 0; path = BtnImageDemo.app; sourceTree = BUILT_PRODUCTS_DIR; };
		A7D187961BE3A4B700677C65 /* main.m */ = {isa = PBXFileReference; lastKnownFileType = sourcecode.c.objc; path = main.m; sourceTree = "<group>"; };
		A7D187981BE3A4B700677C65 /* AppDelegate.h */ = {isa = PBXFileReference; lastKnownFileType = sourcecode.c.h; path = AppDelegate.h; sourceTree = "<group>"; };
		A7D187991BE3A4B700677C65 /* AppDelegate.m */ = {isa = PBXFileReference; lastKnownFileType = sourcecode.c.objc; path = AppDelegate.m; sourceTree = "<group>"; };
		A7D1879B1BE3A4B700677C65 /* ViewController.h */ = {isa = PBXFileReference; lastKnownFileType = sourcecode.c.h; path = ViewController.h; sourceTree = "<group>"; };
		A7D1879C1BE3A4B700677C65 /* ViewController.m */ = {isa = PBXFileReference; lastKnownFileType = sourcecode.c.objc; path = ViewController.m; sourceTree = "<group>"; };
		A7D1879F1BE3A4B700677C65 /* Base */ = {isa = PBXFileReference; lastKnownFileType = file.storyboard; name = Base; path = Base.lproj/Main.storyboard; sourceTree = "<group>"; };
		A7D187A11BE3A4B700677C65 /* Assets.xcassets */ = {isa = PBXFileReference; lastKnownFileType = folder.assetcatalog; path = Assets.xcassets; sourceTree = "<group>"; };
		A7D187A41BE3A4B700677C65 /* Base */ = {isa = PBXFileReference; lastKnownFileType = file.storyboard; name = Base; path = Base.lproj/LaunchScreen.storyboard; sourceTree = "<group>"; };
		A7D187A61BE3A4B700677C65 /* Info.plist */ = {isa = PBXFileReference; lastKnownFileType = text.plist.xml; path = Info.plist; sourceTree = "<group>"; };
/* End PBXFileReference section */

/* Begin PBXFrameworksBuildPhase section */
		A7D1878F1BE3A4B700677C65 /* Frameworks */ = {
			isa = PBXFrameworksBuildPhase;
			buildActionMask = 2147483647;
			files = (
			);
			runOnlyForDeploymentPostprocessing = 0;
		};
/* End PBXFrameworksBuildPhase section */

/* Begin PBXGroup section */
		A7D187891BE3A4B600677C65 = {
			isa = PBXGroup;
			children = (
				A7D187941BE3A4B700677C65 /* BtnImageDemo */,
				A7D187931BE3A4B700677C65 /* Products */,
			);
			sourceTree = "<group>";
		};
		A7D187931BE3A4B700677C65 /* Products */ = {
			isa = PBXGroup;
			children = (
				A7D187921BE3A4B700677C65 /* BtnImageDemo.app */,
			);
			name = Products;
			sourceTree = "<group>";
		};
		A7D187941BE3A4B700677C65 /* BtnImageDemo */ = {
			isa = PBXGroup;
			children = (
				A7D187981BE3A4B700677C65 /* AppDelegate.h */,
				A7D187991BE3A4B700677C65 /* AppDelegate.m */,
				A7D1879B1BE3A4B700677C65 /* ViewController.h */,
				A7D1879C1BE3A4B700677C65 /* ViewController.m */,
				A7D1879E1BE3A4B700677C65 /* Main.storyboard */,
				A7D187A11BE3A4B700677C65 /* Assets.xcassets */,
				A7D187A31BE3A4B700677C65 /* LaunchScreen.storyboard */,
				A7D187A61BE3A4B700677C65 /* Info.plist */,
				A7D187951BE3A4B700677C65 /* Supporting Files */,
			);
			path = BtnImageDemo;
			sourceTree = "<group>";
		};
		A7D187951BE3A4B700677C65 /* Supporting Files */ = {
			isa = PBXGroup;
			children = (
				A7D187961BE3A4B700677C65 /* main.m */,
			);
			name = "Supporting Files";
			sourceTree = "<group>";
		};
/* End PBXGroup section */

/* Begin PBXNativeTarget section */
		A7D187911BE3A4B700677C65 /* BtnImageDemo */ = {
			isa = PBXNativeTarget;
			buildConfigurationList = A7D187A91BE3A4B700677C65 /* Build configuration list for PBXNativeTarget "BtnImageDemo" */;
			buildPhases = (
				A7D1878E1BE3A4B700677C65 /* Sources */,
				A7D1878F1BE3A4B700677C65 /* Frameworks */,
				A7D187901BE3A4B700677C65 /* Resources */,
			);
			buildRules = (
			);
			dependencies = (
			);
			name = BtnImageDemo;
			productName = BtnImageDemo;
			productReference = A7D187921BE3A4B700677C65 /* BtnImageDemo.app */;
			productType = "com.apple.product-type.application";
		};
/* End PBXNativeTarget section */

/* Begin PBXProject section */
		A7D1878A1BE3A4B600677C65 /* Project object */ = {
			isa = PBXProject;
			attributes = {
				LastUpgradeCheck = 0710;
				ORGANIZATIONNAME = "Retrieve LLC";
				TargetAttributes = {
					A7D187911BE3A4B700677C65 = {
						CreatedOnToolsVersion = 7.1;
					};
				};
			};
			buildConfigurationList = A7D1878D1BE3A4B600677C65 /* Build configuration list for PBXProject "BtnImageDemo" */;
			compatibilityVersion = "Xcode 3.2";
			developmentRegion = English;
			hasScannedForEncodings = 0;
			knownRegions = (
				en,
				Base,
			);
			mainGroup = A7D187891BE3A4B600677C65;
			productRefGroup = A7D187931BE3A4B700677C65 /* Products */;
			projectDirPath = "";
			projectRoot = "";
			targets = (
				A7D187911BE3A4B700677C65 /* BtnImageDemo */,
			);
		};
/* End PBXProject section */

/* Begin PBXResourcesBuildPhase section */
		A7D187901BE3A4B700677C65 /* Resources */ = {
			isa = PBXResourcesBuildPhase;
			buildActionMask = 2147483647;
			files = (
				A7D187A51BE3A4B700677C65 /* LaunchScreen.storyboard in Resources */,
				A7D187A21BE3A4B700677C65 /* Assets.xcassets in Resources */,
				A7D187A01BE3A4B700677C65 /* Main.storyboard in Resources */,
			);
			runOnlyForDeploymentPostprocessing = 0;
		};
/* End PBXResourcesBuildPhase section */

/* Begin PBXSourcesBuildPhase section */
		A7D1878E1BE3A4B700677C65 /* Sources */ = {
			isa = PBXSourcesBuildPhase;
			buildActionMask = 2147483647;
			files = (
				A7D1879D1BE3A4B700677C65 /* ViewController.m in Sources */,
				A7D1879A1BE3A4B700677C65 /* AppDelegate.m in Sources */,
				A7D187971BE3A4B700677C65 /* main.m in Sources */,
			);
			runOnlyForDeploymentPostprocessing = 0;
		};
/* End PBXSourcesBuildPhase section */

/* Begin PBXVariantGroup section */
		A7D1879E1BE3A4B700677C65 /* Main.storyboard */ = {
			isa = PBXVariantGroup;
			children = (
				A7D1879F1BE3A4B700677C65 /* Base */,
			);
			name = Main.storyboard;
			sourceTree = "<group>";
		};
		A7D187A31BE3A4B700677C65 /* LaunchScreen.storyboard */ = {
			isa = PBXVariantGroup;
			children = (
				A7D187A41BE3A4B700677C65 /* Base */,
			);
			name = LaunchScreen.storyboard;
			sourceTree = "<group>";
		};
/* End PBXVariantGroup section */

/* Begin XCBuildConfiguration section */
		A7D187A71BE3A4B700677C65 /* Debug */ = {
			isa = XCBuildConfiguration;
			buildSettings = {
				ALWAYS_SEARCH_USER_PATHS = NO;
				CLANG_CXX_LANGUAGE_STANDARD = "gnu++0x";
				CLANG_CXX_LIBRARY = "libc++";
				CLANG_ENABLE_MODULES = YES;
				CLANG_ENABLE_OBJC_ARC = YES;
				CLANG_WARN_BOOL_CONVERSION = YES;
				CLANG_WARN_CONSTANT_CONVERSION = YES;
				CLANG_WARN_DIRECT_OBJC_ISA_USAGE = YES_ERROR;
				CLANG_WARN_EMPTY_BODY = YES;
				CLANG_WARN_ENUM_CONVERSION = YES;
				CLANG_WARN_INT_CONVERSION = YES;
				CLANG_WARN_OBJC_ROOT_CLASS = YES_ERROR;
				CLANG_WARN_UNREACHABLE_CODE = YES;
				CLANG_WARN__DUPLICATE_METHOD_MATCH = YES;
				"CODE_SIGN_IDENTITY[sdk=iphoneos*]" = "iPhone Developer";
				COPY_PHASE_STRIP = NO;
				DEBUG_INFORMATION_FORMAT = dwarf;
				ENABLE_STRICT_OBJC_MSGSEND = YES;
				ENABLE_TESTABILITY = YES;
				GCC_C_LANGUAGE_STANDARD = gnu99;
				GCC_DYNAMIC_NO_PIC = NO;
				GCC_NO_COMMON_BLOCKS = YES;
				GCC_OPTIMIZATION_LEVEL = 0;
				GCC_PREPROCESSOR_DEFINITIONS = (
					"DEBUG=1",
					"$(inherited)",
				);
				GCC_WARN_64_TO_32_BIT_CONVERSION = YES;
				GCC_WARN_ABOUT_RETURN_TYPE = YES_ERROR;
				GCC_WARN_UNDECLARED_SELECTOR = YES;
				GCC_WARN_UNINITIALIZED_AUTOS = YES_AGGRESSIVE;
				GCC_WARN_UNUSED_FUNCTION = YES;
				GCC_WARN_UNUSED_VARIABLE = YES;
				IPHONEOS_DEPLOYMENT_TARGET = 9.1;
				MTL_ENABLE_DEBUG_INFO = YES;
				ONLY_ACTIVE_ARCH = YES;
				SDKROOT = iphoneos;
			};
			name = Debug;
		};
		A7D187A81BE3A4B700677C65 /* Release */ = {
			isa = XCBuildConfiguration;
			buildSettings = {
				ALWAYS_SEARCH_USER_PATHS = NO;
				CLANG_CXX_LANGUAGE_STANDARD = "gnu++0x";
				CLANG_CXX_LIBRARY = "libc++";
				CLANG_ENABLE_MODULES = YES;
				CLANG_ENABLE_OBJC_ARC = YES;
				CLANG_WARN_BOOL_CONVERSION = YES;
				CLANG_WARN_CONSTANT_CONVERSION = YES;
				CLANG_WARN_DIRECT_OBJC_ISA_USAGE = YES_ERROR;
				CLANG_WARN_EMPTY_BODY = YES;
				CLANG_WARN_ENUM_CONVERSION = YES;
				CLANG_WARN_INT_CONVERSION = YES;
				CLANG_WARN_OBJC_ROOT_CLASS = YES_ERROR;
				CLANG_WARN_UNREACHABLE_CODE = YES;
				CLANG_WARN__DUPLICATE_METHOD_MATCH = YES;
				"CODE_SIGN_IDENTITY[sdk=iphoneos*]" = "iPhone Developer";
				COPY_PHASE_STRIP = NO;
				DEBUG_INFORMATION_FORMAT = "dwarf-with-dsym";
				ENABLE_NS_ASSERTIONS = NO;
				ENABLE_STRICT_OBJC_MSGSEND = YES;
				GCC_C_LANGUAGE_STANDARD = gnu99;
				GCC_NO_COMMON_BLOCKS = YES;
				GCC_WARN_64_TO_32_BIT_CONVERSION = YES;
				GCC_WARN_ABOUT_RETURN_TYPE = YES_ERROR;
				GCC_WARN_UNDECLARED_SELECTOR = YES;
				GCC_WARN_UNINITIALIZED_AUTOS = YES_AGGRESSIVE;
				GCC_WARN_UNUSED_FUNCTION = YES;
				GCC_WARN_UNUSED_VARIABLE = YES;
				IPHONEOS_DEPLOYMENT_TARGET = 9.1;
				MTL_ENABLE_DEBUG_INFO = NO;
				SDKROOT = iphoneos;
				VALIDATE_PRODUCT = YES;
			};
			name = Release;
		};
		A7D187AA1BE3A4B700677C65 /* Debug */ = {
			isa = XCBuildConfiguration;
			buildSettings = {
				ASSETCATALOG_COMPILER_APPICON_NAME = AppIcon;
				INFOPLIST_FILE = BtnImageDemo/Info.plist;
				LD_RUNPATH_SEARCH_PATHS = "$(inherited) @executable_path/Frameworks";
				PRODUCT_BUNDLE_IDENTIFIER = com.retrieve.www.BtnImageDemo;
				PRODUCT_NAME = "$(TARGET_NAME)";
			};
			name = Debug;
		};
		A7D187AB1BE3A4B700677C65 /* Release */ = {
			isa = XCBuildConfiguration;
			buildSettings = {
				ASSETCATALOG_COMPILER_APPICON_NAME = AppIcon;
				INFOPLIST_FILE = BtnImageDemo/Info.plist;
				LD_RUNPATH_SEARCH_PATHS = "$(inherited) @executable_path/Frameworks";
				PRODUCT_BUNDLE_IDENTIFIER = com.retrieve.www.BtnImageDemo;
				PRODUCT_NAME = "$(TARGET_NAME)";
			};
			name = Release;
		};
/* End XCBuildConfiguration section */

/* Begin XCConfigurationList section */
		A7D1878D1BE3A4B600677C65 /* Build configuration list for PBXProject "BtnImageDemo" */ = {
			isa = XCConfigurationList;
			buildConfigurations = (
				A7D187A71BE3A4B700677C65 /* Debug */,
				A7D187A81BE3A4B700677C65 /* Release */,
			);
			defaultConfigurationIsVisible = 0;
			defaultConfigurationName = Release;
		};
		A7D187A91BE3A4B700677C65 /* Build configuration list for PBXNativeTarget "BtnImageDemo" */ = {
			isa = XCConfigurationList;
			buildConfigurations = (
				A7D187AA1BE3A4B700677C65 /* Debug */,
				A7D187AB1BE3A4B700677C65 /* Release */,
			);
			defaultConfigurationIsVisible = 0;
		};
/* End XCConfigurationList section */
	};
	rootObject = A7D1878A1BE3A4B600677C65 /* Project object */;
}
